
Microsoft Visual Studio Solution File, Format Version 12.00
# Visual Studio Version 17
VisualStudioVersion = 17.11.35222.181
MinimumVisualStudioVersion = 10.0.40219.1
Project("{FAE04EC0-301F-11D3-BF4B-00C04F79EFBC}") = "APBD1", "APBD1\APBD1.csproj", "{4B76A23B-8130-4FBD-A270-BF9ACC2581DE}"
EndProject
Global
	GlobalSection(SolutionConfigurationPlatforms) = preSolution
		Debug|Any CPU = Debug|Any CPU
		Release|Any CPU = Release|Any CPU
	EndGlobalSection
	GlobalSection(ProjectConfigurationPlatforms) = postSolution
		{4B76A23B-8130-4FBD-A270-BF9ACC2581DE}.Debug|Any CPU.ActiveCfg = Debug|Any CPU
		{4B76A23B-8130-4FBD-A270-BF9ACC2581DE}.Debug|Any CPU.Build.0 = Debug|Any CPU
		{4B76A23B-8130-4FBD-A270-BF9ACC2581DE}.Release|Any CPU.ActiveCfg = Release|Any CPU
		{4B76A23B-8130-4FBD-A270-BF9ACC2581DE}.Release|Any CPU.Build.0 = Release|Any CPU
	EndGlobalSection
	GlobalSection(SolutionProperties) = preSolution
		HideSolutionNode = FALSE
	EndGlobalSection
	GlobalSection(ExtensibilityGlobals) = postSolution
		SolutionGuid = {5F55DE99-9048-4449-A5B0-EA6E857357F7}
	EndGlobalSection
EndGlobal
